<?xml version="1.0" encoding="UTF-8"?>
<Scheme
   LastUpgradeVersion = "1500"
   version = "1.3">
   <BuildAction
      parallelizeBuildables = "YES"
      buildImplicitDependencies = "YES">
      <BuildActionEntries>
         <BuildActionEntry
            buildForTesting = "YES"
            buildForRunning = "YES"
            buildForProfiling = "YES"
            buildForArchiving = "YES"
            buildForAnalyzing = "YES">
            <BuildableReference
               BuildableIdentifier = "primary"
               BlueprintIdentifier = "3DB11E49299543D9001DDB02"
               BuildableName = "VRC RoboScout.app"
               BlueprintName = "VRC RoboScout"
               ReferencedContainer = "container:VRC RoboScout.xcodeproj">
            </BuildableReference>
         </BuildActionEntry>
      </BuildActionEntries>
   </BuildAction>
   <TestAction
      buildConfiguration = "Debug"
      selectedDebuggerIdentifier = "Xcode.DebuggerFoundation.Debugger.LLDB"
      selectedLauncherIdentifier = "Xcode.DebuggerFoundation.Launcher.LLDB"
      shouldUseLaunchSchemeArgsEnv = "YES">
      <Testables>
         <TestableReference
            skipped = "YES">
            <BuildableReference
               BuildableIdentifier = "primary"
               BlueprintIdentifier = "3DB11E5A299543DC001DDB02"
               BuildableName = "VRC RoboScoutTests.xctest"
               BlueprintName = "VRC RoboScoutTests"
               ReferencedContainer = "container:VRC RoboScout.xcodeproj">
            </BuildableReference>
         </TestableReference>
      </Testables>
   </TestAction>
   <LaunchAction
      buildConfiguration = "Debug"
      selectedDebuggerIdentifier = "Xcode.DebuggerFoundation.Debugger.LLDB"
      selectedLauncherIdentifier = "Xcode.DebuggerFoundation.Launcher.LLDB"
      launchStyle = "0"
      useCustomWorkingDirectory = "NO"
      ignoresPersistentStateOnLaunch = "NO"
      debugDocumentVersioning = "YES"
      debugServiceExtension = "internal"
      allowLocationSimulation = "YES">
      <BuildableProductRunnable
         runnableDebuggingMode = "0">
         <BuildableReference
            BuildableIdentifier = "primary"
            BlueprintIdentifier = "3DB11E49299543D9001DDB02"
            BuildableName = "VRC RoboScout.app"
            BlueprintName = "VRC RoboScout"
            ReferencedContainer = "container:VRC RoboScout.xcodeproj">
         </BuildableReference>
      </BuildableProductRunnable>
      <CommandLineArguments>
         <CommandLineArgument
            argument = "-com.apple.CoreData.Logging.stderr 0"
            isEnabled = "YES">
         </CommandLineArgument>
      </CommandLineArguments>
      <EnvironmentVariables>
         <EnvironmentVariable
            key = "ROBOTEVENTS_API_KEY"
            value = "eyJ0eXAiOiJKV1QiLCJhbGciOiJSUzI1NiJ9.eyJhdWQiOiIzIiwianRpIjoiNGViMzY1YzI1N2RhMWRiYWZkZGRkMzRmZDdiMzgzNGJhOWYxNDdmNmFjZTc3NmFkMzIwM2I3MjNmYjQ0M2YyYjdmOWNmOWY0ODdiY2E2MWMiLCJpYXQiOjE2ODU0NTU0ODQuNjQ2OTkyLCJuYmYiOjE2ODU0NTU0ODQuNjQ2OTk2LCJleHAiOjI2MzIyMzAyODQuNjM3ODY2LCJzdWIiOiI5NzI1NyIsInNjb3BlcyI6W119.bmWqYEXdmUV5RgkavYmwVVUL2ilTr-HGbcQTyVe3OU2cJW5R2WsAq-rP89U6dXUbFLRrT6wG7vl-FaT4oT_FXHoqkTOKqfczIC5WGstdWpdNadTGHb52atHU4gewNK69u02d736XM8LmhA1caGCPbCr2gFsb0r_f4F6H0qxzdyiEYIpbgSLgwS91bzPzxc472Xr6wY6gYGBlY212tqHFifoAlxNGDzII8LjUZKpFQWVgFWZsPeuZR6LIgiC5rP6og2iEq1aLLK9lEzN4x1MjY6tEd8wU4Fuqhn5CS9ZeAxDv7ZULCwHRP3oNdC0nhOe5a9EREOTVOjltBYpNRBclbRclER_wHyjRMlf_5QcOpMwwTkk9mF7LturERxWJm8_jjl0YpkEA-p9FJ6glqPH_6uI11iRmiYTacN5XFRs093FvdIIHAd3nePt-5Hsbai8hK8cOb0jUmvoSIKwIyafWRVwR9MvlM8UWge_nrISSEBxBJw-KFjKZgAfxMOoHTBmRNL9nnDLJOPwGOk8c3OoEogypI3KOluXTIEZY7fuWFeulh7qkmCaXR-20X7Xz0IslXtdcSbpVhlf9sTr15pVVGUhnuBMV00xnNHVyFBL6Znp3tNNHD7uLl-q30L5TkfWs5-xzByurd44wGgy0P6AvRfIh9qjASRA-TqAEmx3XpBM"
            isEnabled = "NO">
         </EnvironmentVariable>
      </EnvironmentVariables>
   </LaunchAction>
   <ProfileAction
      buildConfiguration = "Release"
      shouldUseLaunchSchemeArgsEnv = "YES"
      savedToolIdentifier = ""
      useCustomWorkingDirectory = "NO"
      debugDocumentVersioning = "YES">
      <BuildableProductRunnable
         runnableDebuggingMode = "0">
         <BuildableReference
            BuildableIdentifier = "primary"
            BlueprintIdentifier = "3DB11E49299543D9001DDB02"
            BuildableName = "VRC RoboScout.app"
            BlueprintName = "VRC RoboScout"
            ReferencedContainer = "container:VRC RoboScout.xcodeproj">
         </BuildableReference>
      </BuildableProductRunnable>
   </ProfileAction>
   <AnalyzeAction
      buildConfiguration = "Debug">
   </AnalyzeAction>
   <ArchiveAction
      buildConfiguration = "Release"
      revealArchiveInOrganizer = "YES">
   </ArchiveAction>
</Scheme>
