{
  "originHash" : "bcd2ec34ef6f457351389f01e0c8e5f86cf4b8954c1c41a20827eb48563eafbb",
  "pins" : [
    {
      "identity" : "matft",
      "kind" : "remoteSourceControl",
      "location" : "https://github.com/SunkenSplash/Matft",
      "state" : {
        "branch" : "master",
        "revision" : "420688416431ad16ef935db2b638737f77e2cae3"
      }
    },
    {
      "identity" : "swift-collections",
      "kind" : "remoteSourceControl",
      "location" : "https://github.com/apple/swift-collections",
      "state" : {
        "revision" : "3d2dc41a01f9e49d84f0a3925fb858bed64f702d",
        "version" : "1.1.2"
      }
    }
  ],
  "version" : 3
}
