{
  "pins" : [
    {
      "identity" : "matft",
      "kind" : "remoteSourceControl",
      "location" : "https://github.com/SunkenSplash/Matft",
      "state" : {
        "branch" : "master",
        "revision" : "04106317bc1b309e19afff4f95927d15a1a1de0c"
      }
    },
    {
      "identity" : "swift-collections",
      "kind" : "remoteSourceControl",
      "location" : "https://github.com/apple/swift-collections",
      "state" : {
        "revision" : "937e904258d22af6e447a0b72c0bc67583ef64a2",
        "version" : "1.0.4"
      }
    }
  ],
  "version" : 2
}
